
Microsoft Visual Studio Solution File, Format Version 12.00
# Visual Studio Version 16
VisualStudioVersion = 16.0.29519.181
MinimumVisualStudioVersion = 10.0.40219.1
Project("{FAE04EC0-301F-11D3-BF4B-00C04F79EFBC}") = "AngularAspNetCoreMvc", "AngularAspNetCoreMvc\AngularAspNetCoreMvc.csproj", "{B1F1F7AE-7C7E-4DD5-A983-000720AB0CA6}"
EndProject
Global
	GlobalSection(SolutionConfigurationPlatforms) = preSolution
		Debug|Any CPU = Debug|Any CPU
		Release|Any CPU = Release|Any CPU
	EndGlobalSection
	GlobalSection(ProjectConfigurationPlatforms) = postSolution
		{B1F1F7AE-7C7E-4DD5-A983-000720AB0CA6}.Debug|Any CPU.ActiveCfg = Debug|Any CPU
		{B1F1F7AE-7C7E-4DD5-A983-000720AB0CA6}.Debug|Any CPU.Build.0 = Debug|Any CPU
		{B1F1F7AE-7C7E-4DD5-A983-000720AB0CA6}.Release|Any CPU.ActiveCfg = Release|Any CPU
		{B1F1F7AE-7C7E-4DD5-A983-000720AB0CA6}.Release|Any CPU.Build.0 = Release|Any CPU
	EndGlobalSection
	GlobalSection(SolutionProperties) = preSolution
		HideSolutionNode = FALSE
	EndGlobalSection
	GlobalSection(ExtensibilityGlobals) = postSolution
		SolutionGuid = {22CBEE63-7B78-4A9B-8A66-036B6CE42241}
	EndGlobalSection
EndGlobal
