
Microsoft Visual Studio Solution File, Format Version 12.00
# Visual Studio Version 16
VisualStudioVersion = 16.0.29519.181
MinimumVisualStudioVersion = 10.0.40219.1
Project("{FAE04EC0-301F-11D3-BF4B-00C04F79EFBC}") = "TypeScriptLearning", "TypeScriptLearning\TypeScriptLearning.csproj", "{15ED0FFF-C08D-45A1-B214-2AD3F0668DFD}"
EndProject
Global
	GlobalSection(SolutionConfigurationPlatforms) = preSolution
		Debug|Any CPU = Debug|Any CPU
		Release|Any CPU = Release|Any CPU
	EndGlobalSection
	GlobalSection(ProjectConfigurationPlatforms) = postSolution
		{15ED0FFF-C08D-45A1-B214-2AD3F0668DFD}.Debug|Any CPU.ActiveCfg = Debug|Any CPU
		{15ED0FFF-C08D-45A1-B214-2AD3F0668DFD}.Debug|Any CPU.Build.0 = Debug|Any CPU
		{15ED0FFF-C08D-45A1-B214-2AD3F0668DFD}.Release|Any CPU.ActiveCfg = Release|Any CPU
		{15ED0FFF-C08D-45A1-B214-2AD3F0668DFD}.Release|Any CPU.Build.0 = Release|Any CPU
	EndGlobalSection
	GlobalSection(SolutionProperties) = preSolution
		HideSolutionNode = FALSE
	EndGlobalSection
	GlobalSection(ExtensibilityGlobals) = postSolution
		SolutionGuid = {48B4D8BA-8261-45EA-9610-3A5D89B40623}
	EndGlobalSection
EndGlobal
