
Microsoft Visual Studio Solution File, Format Version 12.00
# Visual Studio Version 16
VisualStudioVersion = 16.0.29519.181
MinimumVisualStudioVersion = 10.0.40219.1
Project("{9A19103F-16F7-4668-BE54-9A1E7A4F7556}") = "Send", "Send\Send.csproj", "{70C0BD30-E316-4B4C-9B83-D0DA2413A222}"
EndProject
Project("{9A19103F-16F7-4668-BE54-9A1E7A4F7556}") = "Receive", "Receive\Receive.csproj", "{C50D49A3-71B5-4A05-9983-B12F31ACD381}"
EndProject
Project("{FAE04EC0-301F-11D3-BF4B-00C04F79EFBC}") = "WebApplication1", "WebApplication1\WebApplication1.csproj", "{4EDB90A6-D200-4B9A-B2AA-AD3CEF2F0248}"
EndProject
Global
	GlobalSection(SolutionConfigurationPlatforms) = preSolution
		Debug|Any CPU = Debug|Any CPU
		Release|Any CPU = Release|Any CPU
	EndGlobalSection
	GlobalSection(ProjectConfigurationPlatforms) = postSolution
		{70C0BD30-E316-4B4C-9B83-D0DA2413A222}.Debug|Any CPU.ActiveCfg = Debug|Any CPU
		{70C0BD30-E316-4B4C-9B83-D0DA2413A222}.Debug|Any CPU.Build.0 = Debug|Any CPU
		{70C0BD30-E316-4B4C-9B83-D0DA2413A222}.Release|Any CPU.ActiveCfg = Release|Any CPU
		{70C0BD30-E316-4B4C-9B83-D0DA2413A222}.Release|Any CPU.Build.0 = Release|Any CPU
		{C50D49A3-71B5-4A05-9983-B12F31ACD381}.Debug|Any CPU.ActiveCfg = Debug|Any CPU
		{C50D49A3-71B5-4A05-9983-B12F31ACD381}.Debug|Any CPU.Build.0 = Debug|Any CPU
		{C50D49A3-71B5-4A05-9983-B12F31ACD381}.Release|Any CPU.ActiveCfg = Release|Any CPU
		{C50D49A3-71B5-4A05-9983-B12F31ACD381}.Release|Any CPU.Build.0 = Release|Any CPU
		{4EDB90A6-D200-4B9A-B2AA-AD3CEF2F0248}.Debug|Any CPU.ActiveCfg = Debug|Any CPU
		{4EDB90A6-D200-4B9A-B2AA-AD3CEF2F0248}.Debug|Any CPU.Build.0 = Debug|Any CPU
		{4EDB90A6-D200-4B9A-B2AA-AD3CEF2F0248}.Release|Any CPU.ActiveCfg = Release|Any CPU
		{4EDB90A6-D200-4B9A-B2AA-AD3CEF2F0248}.Release|Any CPU.Build.0 = Release|Any CPU
	EndGlobalSection
	GlobalSection(SolutionProperties) = preSolution
		HideSolutionNode = FALSE
	EndGlobalSection
	GlobalSection(ExtensibilityGlobals) = postSolution
		SolutionGuid = {B7898B8A-E2AF-4487-A6BA-E79813F9157E}
	EndGlobalSection
EndGlobal
