
Microsoft Visual Studio Solution File, Format Version 12.00
# Visual Studio 15
VisualStudioVersion = 15.0.28307.102
MinimumVisualStudioVersion = 10.0.40219.1
Project("{FAE04EC0-301F-11D3-BF4B-00C04F79EFBC}") = "OwinKatanaServerSample", "OwinKatanaServerSample\OwinKatanaServerSample.csproj", "{80161CBE-8718-4628-BF09-146BB8983A97}"
EndProject
Global
	GlobalSection(SolutionConfigurationPlatforms) = preSolution
		Debug|Any CPU = Debug|Any CPU
		Release|Any CPU = Release|Any CPU
	EndGlobalSection
	GlobalSection(ProjectConfigurationPlatforms) = postSolution
		{80161CBE-8718-4628-BF09-146BB8983A97}.Debug|Any CPU.ActiveCfg = Debug|Any CPU
		{80161CBE-8718-4628-BF09-146BB8983A97}.Debug|Any CPU.Build.0 = Debug|Any CPU
		{80161CBE-8718-4628-BF09-146BB8983A97}.Release|Any CPU.ActiveCfg = Release|Any CPU
		{80161CBE-8718-4628-BF09-146BB8983A97}.Release|Any CPU.Build.0 = Release|Any CPU
	EndGlobalSection
	GlobalSection(SolutionProperties) = preSolution
		HideSolutionNode = FALSE
	EndGlobalSection
	GlobalSection(ExtensibilityGlobals) = postSolution
		SolutionGuid = {BD837153-2BE7-4A49-925A-C7D2B0F0B446}
	EndGlobalSection
EndGlobal
